
Microsoft Visual Studio Solution File, Format Version 12.00
# Visual Studio Version 17
VisualStudioVersion = 17.8.34322.80
MinimumVisualStudioVersion = 10.0.40219.1
Project("{FAE04EC0-301F-11D3-BF4B-00C04F79EFBC}") = "LatvijasPasts", "LatvijasPasts\LatvijasPasts.csproj", "{08A7B113-5DFA-432B-BC68-98E239D00B47}"
EndProject
Global
	GlobalSection(SolutionConfigurationPlatforms) = preSolution
		Debug|Any CPU = Debug|Any CPU
		Release|Any CPU = Release|Any CPU
	EndGlobalSection
	GlobalSection(ProjectConfigurationPlatforms) = postSolution
		{08A7B113-5DFA-432B-BC68-98E239D00B47}.Debug|Any CPU.ActiveCfg = Debug|Any CPU
		{08A7B113-5DFA-432B-BC68-98E239D00B47}.Debug|Any CPU.Build.0 = Debug|Any CPU
		{08A7B113-5DFA-432B-BC68-98E239D00B47}.Release|Any CPU.ActiveCfg = Release|Any CPU
		{08A7B113-5DFA-432B-BC68-98E239D00B47}.Release|Any CPU.Build.0 = Release|Any CPU
	EndGlobalSection
	GlobalSection(SolutionProperties) = preSolution
		HideSolutionNode = FALSE
	EndGlobalSection
	GlobalSection(ExtensibilityGlobals) = postSolution
		SolutionGuid = {F00FA168-0CAE-475E-B349-B6CD160C18B4}
	EndGlobalSection
EndGlobal
